
Microsoft Visual Studio Solution File, Format Version 12.00
# Visual Studio 15
Project("{FAE04EC0-301F-11D3-BF4B-00C04F79EFBC}") = "Web", "Web\Web.csproj", "{475933C5-F138-4D45-A742-9707106C35DF}"
EndProject
Global
	GlobalSection(SolutionConfigurationPlatforms) = preSolution
		Debug|Any CPU = Debug|Any CPU
		Release|Any CPU = Release|Any CPU
	EndGlobalSection
	GlobalSection(ProjectConfigurationPlatforms) = postSolution
		{475933C5-F138-4D45-A742-9707106C35DF}.Debug|Any CPU.ActiveCfg = Debug|Any CPU
		{475933C5-F138-4D45-A742-9707106C35DF}.Debug|Any CPU.Build.0 = Debug|Any CPU
		{475933C5-F138-4D45-A742-9707106C35DF}.Release|Any CPU.ActiveCfg = Release|Any CPU
		{475933C5-F138-4D45-A742-9707106C35DF}.Release|Any CPU.Build.0 = Release|Any CPU
	EndGlobalSection
EndGlobal
